
Microsoft Visual Studio Solution File, Format Version 12.00
# Visual Studio Version 16
VisualStudioVersion = 16.0.29102.190
MinimumVisualStudioVersion = 10.0.40219.1
Project("{FAE04EC0-301F-11D3-BF4B-00C04F79EFBC}") = "LearningToMaterial", "LearningToMaterial\LearningToMaterial.csproj", "{BBB50D4D-60E1-419B-9C59-925D57886B33}"
EndProject
Global
	GlobalSection(SolutionConfigurationPlatforms) = preSolution
		Debug|Any CPU = Debug|Any CPU
		Release|Any CPU = Release|Any CPU
	EndGlobalSection
	GlobalSection(ProjectConfigurationPlatforms) = postSolution
		{BBB50D4D-60E1-419B-9C59-925D57886B33}.Debug|Any CPU.ActiveCfg = Debug|Any CPU
		{BBB50D4D-60E1-419B-9C59-925D57886B33}.Debug|Any CPU.Build.0 = Debug|Any CPU
		{BBB50D4D-60E1-419B-9C59-925D57886B33}.Release|Any CPU.ActiveCfg = Release|Any CPU
		{BBB50D4D-60E1-419B-9C59-925D57886B33}.Release|Any CPU.Build.0 = Release|Any CPU
	EndGlobalSection
	GlobalSection(SolutionProperties) = preSolution
		HideSolutionNode = FALSE
	EndGlobalSection
	GlobalSection(ExtensibilityGlobals) = postSolution
		SolutionGuid = {BF368BD4-3A8E-4372-8000-7B2CD644607A}
	EndGlobalSection
EndGlobal
